<?xml version="1.0" encoding="utf-8"?>
<Project ToolsVersion="4.0" xmlns="http://schemas.microsoft.com/developer/msbuild/2003">
  <ItemGroup>
    <Filter Include="ソース ファイル">
      <UniqueIdentifier>{4FC737F1-C7A5-4376-A066-2A32D752A2FF}</UniqueIdentifier>
      <Extensions>cpp;c;cc;cxx;c++;cppm;ixx;def;odl;idl;hpj;bat;asm;asmx</Extensions>
    </Filter>
    <Filter Include="ヘッダー ファイル">
      <UniqueIdentifier>{93995380-89BD-4b04-88EB-625FBE52EBFB}</UniqueIdentifier>
      <Extensions>h;hh;hpp;hxx;h++;hm;inl;inc;ipp;xsd</Extensions>
    </Filter>
    <Filter Include="リソース ファイル">
      <UniqueIdentifier>{67DA6AB6-F800-4c08-8B7A-83BB121AAD01}</UniqueIdentifier>
      <Extensions>rc;ico;cur;bmp;dlg;rc2;rct;bin;rgs;gif;jpg;jpeg;jpe;resx;tiff;tif;png;wav;mfcribbon-ms</Extensions>
    </Filter>
    <Filter Include="ソース ファイル\Base">
      <UniqueIdentifier>{135dbecd-f58b-4b6e-8d44-61cad6a0dc97}</UniqueIdentifier>
    </Filter>
    <Filter Include="ヘッダー ファイル\Base">
      <UniqueIdentifier>{404898b0-4aaf-4219-90f2-5ef5f4805a59}</UniqueIdentifier>
    </Filter>
    <Filter Include="ソース ファイル\Mode">
      <UniqueIdentifier>{7e32bb26-61b1-4f21-8240-0cebc2003004}</UniqueIdentifier>
    </Filter>
    <Filter Include="ヘッダー ファイル\Mode">
      <UniqueIdentifier>{f41ddb30-534a-4266-a152-6786bd80b25a}</UniqueIdentifier>
    </Filter>
    <Filter Include="ヘッダー ファイル\Util">
      <UniqueIdentifier>{ce446dab-3f97-43bd-9277-659c79afe6f0}</UniqueIdentifier>
    </Filter>
    <Filter Include="ソース ファイル\Util">
      <UniqueIdentifier>{29c979ff-7609-437d-ae4f-f21e539fec38}</UniqueIdentifier>
    </Filter>
    <Filter Include="ソース ファイル\Game">
      <UniqueIdentifier>{87b5b23b-4748-4ae3-83c9-bb055469881f}</UniqueIdentifier>
    </Filter>
    <Filter Include="ヘッダー ファイル\Game">
      <UniqueIdentifier>{5cf4dad3-2ca4-4653-b4fb-a936f2b2a20e}</UniqueIdentifier>
    </Filter>
    <Filter Include="ソース ファイル\Script">
      <UniqueIdentifier>{e5e2c715-7ef6-440d-bc77-0d5477d04588}</UniqueIdentifier>
    </Filter>
    <Filter Include="ヘッダー ファイル\Script">
      <UniqueIdentifier>{41e9afdb-8f08-45a0-8b77-fbdf7750e743}</UniqueIdentifier>
    </Filter>
  </ItemGroup>
  <ItemGroup>
    <ClCompile Include="sound.cpp">
      <Filter>ソース ファイル\Base</Filter>
    </ClCompile>
    <ClCompile Include="main.cpp">
      <Filter>ソース ファイル\Base</Filter>
    </ClCompile>
    <ClCompile Include="mode.cpp">
      <Filter>ソース ファイル\Base</Filter>
    </ClCompile>
    <ClCompile Include="fade.cpp">
      <Filter>ソース ファイル\Base</Filter>
    </ClCompile>
    <ClCompile Include="input.cpp">
      <Filter>ソース ファイル\Base</Filter>
    </ClCompile>
    <ClCompile Include="Game.cpp">
      <Filter>ソース ファイル\Mode</Filter>
    </ClCompile>
    <ClCompile Include="util.cpp">
      <Filter>ソース ファイル\Util</Filter>
    </ClCompile>
    <ClCompile Include="player.cpp">
      <Filter>ソース ファイル\Game</Filter>
    </ClCompile>
    <ClCompile Include="camera.cpp">
      <Filter>ソース ファイル\Base</Filter>
    </ClCompile>
    <ClCompile Include="DebugProc.cpp">
      <Filter>ソース ファイル\Base</Filter>
    </ClCompile>
    <ClCompile Include="field.cpp">
      <Filter>ソース ファイル\Game</Filter>
    </ClCompile>
    <ClCompile Include="title.cpp">
      <Filter>ソース ファイル\Mode</Filter>
    </ClCompile>
    <ClCompile Include="result.cpp">
      <Filter>ソース ファイル\Mode</Filter>
    </ClCompile>
    <ClCompile Include="light.cpp">
      <Filter>ソース ファイル\Base</Filter>
    </ClCompile>
    <ClCompile Include="model_loader.cpp">
      <Filter>ソース ファイル\Script</Filter>
    </ClCompile>
    <ClCompile Include="script.cpp">
      <Filter>ソース ファイル\Script</Filter>
    </ClCompile>
    <ClCompile Include="model.cpp">
      <Filter>ソース ファイル\Game</Filter>
    </ClCompile>
    <ClCompile Include="shadow.cpp">
      <Filter>ソース ファイル\Game</Filter>
    </ClCompile>
    <ClCompile Include="title_logo.cpp">
      <Filter>ソース ファイル\Game</Filter>
    </ClCompile>
    <ClCompile Include="Pause.cpp">
      <Filter>ソース ファイル\Base</Filter>
    </ClCompile>
  </ItemGroup>
  <ItemGroup>
    <ClInclude Include="sound.h">
      <Filter>ヘッダー ファイル\Base</Filter>
    </ClInclude>
    <ClInclude Include="main.h">
      <Filter>ヘッダー ファイル\Base</Filter>
    </ClInclude>
    <ClInclude Include="mode.h">
      <Filter>ヘッダー ファイル\Base</Filter>
    </ClInclude>
    <ClInclude Include="fade.h">
      <Filter>ヘッダー ファイル\Base</Filter>
    </ClInclude>
    <ClInclude Include="input.h">
      <Filter>ヘッダー ファイル\Base</Filter>
    </ClInclude>
    <ClInclude Include="Game.h">
      <Filter>ヘッダー ファイル\Mode</Filter>
    </ClInclude>
    <ClInclude Include="util.h">
      <Filter>ヘッダー ファイル\Util</Filter>
    </ClInclude>
    <ClInclude Include="player.h">
      <Filter>ヘッダー ファイル\Game</Filter>
    </ClInclude>
    <ClInclude Include="camera.h">
      <Filter>ヘッダー ファイル\Base</Filter>
    </ClInclude>
    <ClInclude Include="DebugProc.h">
      <Filter>ヘッダー ファイル\Base</Filter>
    </ClInclude>
    <ClInclude Include="field.h">
      <Filter>ヘッダー ファイル\Game</Filter>
    </ClInclude>
    <ClInclude Include="title.h">
      <Filter>ヘッダー ファイル\Mode</Filter>
    </ClInclude>
    <ClInclude Include="result.h">
      <Filter>ヘッダー ファイル\Mode</Filter>
    </ClInclude>
    <ClInclude Include="light.h">
      <Filter>ヘッダー ファイル\Base</Filter>
    </ClInclude>
    <ClInclude Include="model_loader.h">
      <Filter>ヘッダー ファイル\Script</Filter>
    </ClInclude>
    <ClInclude Include="script.h">
      <Filter>ヘッダー ファイル\Script</Filter>
    </ClInclude>
    <ClInclude Include="model.h">
      <Filter>ヘッダー ファイル\Game</Filter>
    </ClInclude>
    <ClInclude Include="shadow.h">
      <Filter>ヘッダー ファイル\Game</Filter>
    </ClInclude>
    <ClInclude Include="title_logo.h">
      <Filter>ヘッダー ファイル\Game</Filter>
    </ClInclude>
    <ClInclude Include="Pause.h">
      <Filter>ヘッダー ファイル\Base</Filter>
    </ClInclude>
  </ItemGroup>
</Project>